
Microsoft Visual Studio Solution File, Format Version 12.00
# Visual Studio 14
VisualStudioVersion = 14.0.24720.0
MinimumVisualStudioVersion = 10.0.40219.1
Project("{2150E333-8FDC-42A3-9474-1A3956D46DE8}") = "src", "src", "{44A9255C-FA96-4777-BCBC-FA27EDA7F14D}"
EndProject
Project("{2150E333-8FDC-42A3-9474-1A3956D46DE8}") = "Solution Items", "Solution Items", "{3756227E-C9AD-4D1E-935F-B6F754BA1225}"
	ProjectSection(SolutionItems) = preProject
		global.json = global.json
	EndProjectSection
EndProject
Project("{8BB2217D-0F2D-49D1-97BC-3654ED321F3B}") = "WK.WX.WeiXin", "src\WK.WX.WeiXin\WK.WX.WeiXin.xproj", "{A9F66925-F58E-4475-9CB7-DD57F52F37DC}"
EndProject
Project("{2150E333-8FDC-42A3-9474-1A3956D46DE8}") = "wrap", "wrap", "{BB1E7236-3AA1-4F4C-B582-57FF73CB4426}"
EndProject
Project("{8BB2217D-0F2D-49D1-97BC-3654ED321F3B}") = "WK.WX.WeiXin.Service", "wrap\WK.WX.WeiXin.Service\WK.WX.WeiXin.Service.xproj", "{D1F3E6B9-606B-4701-B18F-7A967246991D}"
EndProject
Project("{8BB2217D-0F2D-49D1-97BC-3654ED321F3B}") = "WK.WX.WeiXin.Data", "wrap\WK.WX.WeiXin.Data\WK.WX.WeiXin.Data.xproj", "{01E4B738-BB4D-4A29-987B-40D12C901C68}"
EndProject
Project("{2150E333-8FDC-42A3-9474-1A3956D46DE8}") = "Framework", "Framework", "{F1929E9C-4523-4B95-8F50-EB220E602A99}"
EndProject
Project("{8BB2217D-0F2D-49D1-97BC-3654ED321F3B}") = "EZ.Framework", "wrap\EZ.Framework\EZ.Framework.xproj", "{7530E41A-F87D-487C-BD0A-D8DB459121D6}"
EndProject
Global
	GlobalSection(SolutionConfigurationPlatforms) = preSolution
		Debug|Any CPU = Debug|Any CPU
		Release|Any CPU = Release|Any CPU
	EndGlobalSection
	GlobalSection(ProjectConfigurationPlatforms) = postSolution
		{A9F66925-F58E-4475-9CB7-DD57F52F37DC}.Debug|Any CPU.ActiveCfg = Debug|Any CPU
		{A9F66925-F58E-4475-9CB7-DD57F52F37DC}.Debug|Any CPU.Build.0 = Debug|Any CPU
		{A9F66925-F58E-4475-9CB7-DD57F52F37DC}.Release|Any CPU.ActiveCfg = Release|Any CPU
		{A9F66925-F58E-4475-9CB7-DD57F52F37DC}.Release|Any CPU.Build.0 = Release|Any CPU
		{D1F3E6B9-606B-4701-B18F-7A967246991D}.Debug|Any CPU.ActiveCfg = Debug|Any CPU
		{D1F3E6B9-606B-4701-B18F-7A967246991D}.Debug|Any CPU.Build.0 = Debug|Any CPU
		{D1F3E6B9-606B-4701-B18F-7A967246991D}.Release|Any CPU.ActiveCfg = Release|Any CPU
		{D1F3E6B9-606B-4701-B18F-7A967246991D}.Release|Any CPU.Build.0 = Release|Any CPU
		{01E4B738-BB4D-4A29-987B-40D12C901C68}.Debug|Any CPU.ActiveCfg = Debug|Any CPU
		{01E4B738-BB4D-4A29-987B-40D12C901C68}.Debug|Any CPU.Build.0 = Debug|Any CPU
		{01E4B738-BB4D-4A29-987B-40D12C901C68}.Release|Any CPU.ActiveCfg = Release|Any CPU
		{01E4B738-BB4D-4A29-987B-40D12C901C68}.Release|Any CPU.Build.0 = Release|Any CPU
		{7530E41A-F87D-487C-BD0A-D8DB459121D6}.Debug|Any CPU.ActiveCfg = Debug|Any CPU
		{7530E41A-F87D-487C-BD0A-D8DB459121D6}.Debug|Any CPU.Build.0 = Debug|Any CPU
		{7530E41A-F87D-487C-BD0A-D8DB459121D6}.Release|Any CPU.ActiveCfg = Release|Any CPU
		{7530E41A-F87D-487C-BD0A-D8DB459121D6}.Release|Any CPU.Build.0 = Release|Any CPU
	EndGlobalSection
	GlobalSection(SolutionProperties) = preSolution
		HideSolutionNode = FALSE
	EndGlobalSection
	GlobalSection(NestedProjects) = preSolution
		{A9F66925-F58E-4475-9CB7-DD57F52F37DC} = {44A9255C-FA96-4777-BCBC-FA27EDA7F14D}
		{D1F3E6B9-606B-4701-B18F-7A967246991D} = {BB1E7236-3AA1-4F4C-B582-57FF73CB4426}
		{01E4B738-BB4D-4A29-987B-40D12C901C68} = {BB1E7236-3AA1-4F4C-B582-57FF73CB4426}
		{F1929E9C-4523-4B95-8F50-EB220E602A99} = {BB1E7236-3AA1-4F4C-B582-57FF73CB4426}
		{7530E41A-F87D-487C-BD0A-D8DB459121D6} = {F1929E9C-4523-4B95-8F50-EB220E602A99}
	EndGlobalSection
EndGlobal
